// !$*UTF8*$!
{
	archiveVersion = 1;
	classes = {
	};
	objectVersion = 46;
	objects = {

/* Begin PBXBuildFile section */
		187349481D8C20780041B904 /* main.m in Sources */ = {isa = PBXBuildFile; fileRef = 187349471D8C20780041B904 /* main.m */; };
		1873494B1D8C20780041B904 /* AppDelegate.m in Sources */ = {isa = PBXBuildFile; fileRef = 1873494A1D8C20780041B904 /* AppDelegate.m */; };
		1873494E1D8C20780041B904 /* ViewController.m in Sources */ = {isa = PBXBuildFile; fileRef = 1873494D1D8C20780041B904 /* ViewController.m */; };
		187349511D8C20780041B904 /* Main.storyboard in Resources */ = {isa = PBXBuildFile; fileRef = 1873494F1D8C20780041B904 /* Main.storyboard */; };
		187349531D8C20780041B904 /* Assets.xcassets in Resources */ = {isa = PBXBuildFile; fileRef = 187349521D8C20780041B904 /* Assets.xcassets */; };
		187349561D8C20780041B904 /* LaunchScreen.storyboard in Resources */ = {isa = PBXBuildFile; fileRef = 187349541D8C20780041B904 /* LaunchScreen.storyboard */; };
		1873495F1D8C209D0041B904 /* MainScrollView.m in Sources */ = {isa = PBXBuildFile; fileRef = 1873495E1D8C209D0041B904 /* MainScrollView.m */; };
		187349611D8C24370041B904 /* boomsky.jpg in Resources */ = {isa = PBXBuildFile; fileRef = 187349601D8C24370041B904 /* boomsky.jpg */; };
		187349641D8C25A50041B904 /* SecondViewController.m in Sources */ = {isa = PBXBuildFile; fileRef = 187349631D8C25A50041B904 /* SecondViewController.m */; };
		187349671D8C329C0041B904 /* HBSignView.m in Sources */ = {isa = PBXBuildFile; fileRef = 187349661D8C329C0041B904 /* HBSignView.m */; };
/* End PBXBuildFile section */

/* Begin PBXFileReference section */
		187349431D8C20780041B904 /* ScrollViewWithButton.app */ = {isa = PBXFileReference; explicitFileType = wrapper.application; includeInIndex = 0; path = ScrollViewWithButton.app; sourceTree = BUILT_PRODUCTS_DIR; };
		187349471D8C20780041B904 /* main.m */ = {isa = PBXFileReference; lastKnownFileType = sourcecode.c.objc; path = main.m; sourceTree = "<group>"; };
		187349491D8C20780041B904 /* AppDelegate.h */ = {isa = PBXFileReference; lastKnownFileType = sourcecode.c.h; path = AppDelegate.h; sourceTree = "<group>"; };
		1873494A1D8C20780041B904 /* AppDelegate.m */ = {isa = PBXFileReference; lastKnownFileType = sourcecode.c.objc; path = AppDelegate.m; sourceTree = "<group>"; };
		1873494C1D8C20780041B904 /* ViewController.h */ = {isa = PBXFileReference; lastKnownFileType = sourcecode.c.h; path = ViewController.h; sourceTree = "<group>"; };
		1873494D1D8C20780041B904 /* ViewController.m */ = {isa = PBXFileReference; lastKnownFileType = sourcecode.c.objc; path = ViewController.m; sourceTree = "<group>"; };
		187349501D8C20780041B904 /* Base */ = {isa = PBXFileReference; lastKnownFileType = file.storyboard; name = Base; path = Base.lproj/Main.storyboard; sourceTree = "<group>"; };
		187349521D8C20780041B904 /* Assets.xcassets */ = {isa = PBXFileReference; lastKnownFileType = folder.assetcatalog; path = Assets.xcassets; sourceTree = "<group>"; };
		187349551D8C20780041B904 /* Base */ = {isa = PBXFileReference; lastKnownFileType = file.storyboard; name = Base; path = Base.lproj/LaunchScreen.storyboard; sourceTree = "<group>"; };
		187349571D8C20780041B904 /* Info.plist */ = {isa = PBXFileReference; lastKnownFileType = text.plist.xml; path = Info.plist; sourceTree = "<group>"; };
		1873495D1D8C209D0041B904 /* MainScrollView.h */ = {isa = PBXFileReference; fileEncoding = 4; lastKnownFileType = sourcecode.c.h; path = MainScrollView.h; sourceTree = "<group>"; };
		1873495E1D8C209D0041B904 /* MainScrollView.m */ = {isa = PBXFileReference; fileEncoding = 4; lastKnownFileType = sourcecode.c.objc; path = MainScrollView.m; sourceTree = "<group>"; };
		187349601D8C24370041B904 /* boomsky.jpg */ = {isa = PBXFileReference; lastKnownFileType = image.jpeg; path = boomsky.jpg; sourceTree = "<group>"; };
		187349621D8C25A50041B904 /* SecondViewController.h */ = {isa = PBXFileReference; fileEncoding = 4; lastKnownFileType = sourcecode.c.h; path = SecondViewController.h; sourceTree = "<group>"; };
		187349631D8C25A50041B904 /* SecondViewController.m */ = {isa = PBXFileReference; fileEncoding = 4; lastKnownFileType = sourcecode.c.objc; path = SecondViewController.m; sourceTree = "<group>"; };
		187349651D8C329C0041B904 /* HBSignView.h */ = {isa = PBXFileReference; fileEncoding = 4; lastKnownFileType = sourcecode.c.h; path = HBSignView.h; sourceTree = "<group>"; };
		187349661D8C329C0041B904 /* HBSignView.m */ = {isa = PBXFileReference; fileEncoding = 4; lastKnownFileType = sourcecode.c.objc; path = HBSignView.m; sourceTree = "<group>"; };
/* End PBXFileReference section */

/* Begin PBXFrameworksBuildPhase section */
		187349401D8C20780041B904 /* Frameworks */ = {
			isa = PBXFrameworksBuildPhase;
			buildActionMask = 2147483647;
			files = (
			);
			runOnlyForDeploymentPostprocessing = 0;
		};
/* End PBXFrameworksBuildPhase section */

/* Begin PBXGroup section */
		1873493A1D8C20780041B904 = {
			isa = PBXGroup;
			children = (
				187349451D8C20780041B904 /* ScrollViewWithButton */,
				187349441D8C20780041B904 /* Products */,
			);
			sourceTree = "<group>";
		};
		187349441D8C20780041B904 /* Products */ = {
			isa = PBXGroup;
			children = (
				187349431D8C20780041B904 /* ScrollViewWithButton.app */,
			);
			name = Products;
			sourceTree = "<group>";
		};
		187349451D8C20780041B904 /* ScrollViewWithButton */ = {
			isa = PBXGroup;
			children = (
				187349651D8C329C0041B904 /* HBSignView.h */,
				187349661D8C329C0041B904 /* HBSignView.m */,
				187349491D8C20780041B904 /* AppDelegate.h */,
				1873494A1D8C20780041B904 /* AppDelegate.m */,
				1873494C1D8C20780041B904 /* ViewController.h */,
				1873494D1D8C20780041B904 /* ViewController.m */,
				187349621D8C25A50041B904 /* SecondViewController.h */,
				187349631D8C25A50041B904 /* SecondViewController.m */,
				1873495D1D8C209D0041B904 /* MainScrollView.h */,
				1873495E1D8C209D0041B904 /* MainScrollView.m */,
				1873494F1D8C20780041B904 /* Main.storyboard */,
				187349601D8C24370041B904 /* boomsky.jpg */,
				187349521D8C20780041B904 /* Assets.xcassets */,
				187349541D8C20780041B904 /* LaunchScreen.storyboard */,
				187349571D8C20780041B904 /* Info.plist */,
				187349461D8C20780041B904 /* Supporting Files */,
			);
			path = ScrollViewWithButton;
			sourceTree = "<group>";
		};
		187349461D8C20780041B904 /* Supporting Files */ = {
			isa = PBXGroup;
			children = (
				187349471D8C20780041B904 /* main.m */,
			);
			name = "Supporting Files";
			sourceTree = "<group>";
		};
/* End PBXGroup section */

/* Begin PBXNativeTarget section */
		187349421D8C20780041B904 /* ScrollViewWithButton */ = {
			isa = PBXNativeTarget;
			buildConfigurationList = 1873495A1D8C20780041B904 /* Build configuration list for PBXNativeTarget "ScrollViewWithButton" */;
			buildPhases = (
				1873493F1D8C20780041B904 /* Sources */,
				187349401D8C20780041B904 /* Frameworks */,
				187349411D8C20780041B904 /* Resources */,
			);
			buildRules = (
			);
			dependencies = (
			);
			name = ScrollViewWithButton;
			productName = ScrollViewWithButton;
			productReference = 187349431D8C20780041B904 /* ScrollViewWithButton.app */;
			productType = "com.apple.product-type.application";
		};
/* End PBXNativeTarget section */

/* Begin PBXProject section */
		1873493B1D8C20780041B904 /* Project object */ = {
			isa = PBXProject;
			attributes = {
				LastUpgradeCheck = 0720;
				ORGANIZATIONNAME = yhb;
				TargetAttributes = {
					187349421D8C20780041B904 = {
						CreatedOnToolsVersion = 7.2.1;
					};
				};
			};
			buildConfigurationList = 1873493E1D8C20780041B904 /* Build configuration list for PBXProject "ScrollViewWithButton" */;
			compatibilityVersion = "Xcode 3.2";
			developmentRegion = English;
			hasScannedForEncodings = 0;
			knownRegions = (
				en,
				Base,
			);
			mainGroup = 1873493A1D8C20780041B904;
			productRefGroup = 187349441D8C20780041B904 /* Products */;
			projectDirPath = "";
			projectRoot = "";
			targets = (
				187349421D8C20780041B904 /* ScrollViewWithButton */,
			);
		};
/* End PBXProject section */

/* Begin PBXResourcesBuildPhase section */
		187349411D8C20780041B904 /* Resources */ = {
			isa = PBXResourcesBuildPhase;
			buildActionMask = 2147483647;
			files = (
				187349561D8C20780041B904 /* LaunchScreen.storyboard in Resources */,
				187349611D8C24370041B904 /* boomsky.jpg in Resources */,
				187349531D8C20780041B904 /* Assets.xcassets in Resources */,
				187349511D8C20780041B904 /* Main.storyboard in Resources */,
			);
			runOnlyForDeploymentPostprocessing = 0;
		};
/* End PBXResourcesBuildPhase section */

/* Begin PBXSourcesBuildPhase section */
		1873493F1D8C20780041B904 /* Sources */ = {
			isa = PBXSourcesBuildPhase;
			buildActionMask = 2147483647;
			files = (
				187349641D8C25A50041B904 /* SecondViewController.m in Sources */,
				1873494E1D8C20780041B904 /* ViewController.m in Sources */,
				1873494B1D8C20780041B904 /* AppDelegate.m in Sources */,
				1873495F1D8C209D0041B904 /* MainScrollView.m in Sources */,
				187349481D8C20780041B904 /* main.m in Sources */,
				187349671D8C329C0041B904 /* HBSignView.m in Sources */,
			);
			runOnlyForDeploymentPostprocessing = 0;
		};
/* End PBXSourcesBuildPhase section */

/* Begin PBXVariantGroup section */
		1873494F1D8C20780041B904 /* Main.storyboard */ = {
			isa = PBXVariantGroup;
			children = (
				187349501D8C20780041B904 /* Base */,
			);
			name = Main.storyboard;
			sourceTree = "<group>";
		};
		187349541D8C20780041B904 /* LaunchScreen.storyboard */ = {
			isa = PBXVariantGroup;
			children = (
				187349551D8C20780041B904 /* Base */,
			);
			name = LaunchScreen.storyboard;
			sourceTree = "<group>";
		};
/* End PBXVariantGroup section */

/* Begin XCBuildConfiguration section */
		187349581D8C20780041B904 /* Debug */ = {
			isa = XCBuildConfiguration;
			buildSettings = {
				ALWAYS_SEARCH_USER_PATHS = NO;
				CLANG_CXX_LANGUAGE_STANDARD = "gnu++0x";
				CLANG_CXX_LIBRARY = "libc++";
				CLANG_ENABLE_MODULES = YES;
				CLANG_ENABLE_OBJC_ARC = YES;
				CLANG_WARN_BOOL_CONVERSION = YES;
				CLANG_WARN_CONSTANT_CONVERSION = YES;
				CLANG_WARN_DIRECT_OBJC_ISA_USAGE = YES_ERROR;
				CLANG_WARN_EMPTY_BODY = YES;
				CLANG_WARN_ENUM_CONVERSION = YES;
				CLANG_WARN_INT_CONVERSION = YES;
				CLANG_WARN_OBJC_ROOT_CLASS = YES_ERROR;
				CLANG_WARN_UNREACHABLE_CODE = YES;
				CLANG_WARN__DUPLICATE_METHOD_MATCH = YES;
				"CODE_SIGN_IDENTITY[sdk=iphoneos*]" = "iPhone Developer";
				COPY_PHASE_STRIP = NO;
				DEBUG_INFORMATION_FORMAT = dwarf;
				ENABLE_STRICT_OBJC_MSGSEND = YES;
				ENABLE_TESTABILITY = YES;
				GCC_C_LANGUAGE_STANDARD = gnu99;
				GCC_DYNAMIC_NO_PIC = NO;
				GCC_NO_COMMON_BLOCKS = YES;
				GCC_OPTIMIZATION_LEVEL = 0;
				GCC_PREPROCESSOR_DEFINITIONS = (
					"DEBUG=1",
					"$(inherited)",
				);
				GCC_WARN_64_TO_32_BIT_CONVERSION = YES;
				GCC_WARN_ABOUT_RETURN_TYPE = YES_ERROR;
				GCC_WARN_UNDECLARED_SELECTOR = YES;
				GCC_WARN_UNINITIALIZED_AUTOS = YES_AGGRESSIVE;
				GCC_WARN_UNUSED_FUNCTION = YES;
				GCC_WARN_UNUSED_VARIABLE = YES;
				IPHONEOS_DEPLOYMENT_TARGET = 9.2;
				MTL_ENABLE_DEBUG_INFO = YES;
				ONLY_ACTIVE_ARCH = YES;
				SDKROOT = iphoneos;
				TARGETED_DEVICE_FAMILY = "1,2";
			};
			name = Debug;
		};
		187349591D8C20780041B904 /* Release */ = {
			isa = XCBuildConfiguration;
			buildSettings = {
				ALWAYS_SEARCH_USER_PATHS = NO;
				CLANG_CXX_LANGUAGE_STANDARD = "gnu++0x";
				CLANG_CXX_LIBRARY = "libc++";
				CLANG_ENABLE_MODULES = YES;
				CLANG_ENABLE_OBJC_ARC = YES;
				CLANG_WARN_BOOL_CONVERSION = YES;
				CLANG_WARN_CONSTANT_CONVERSION = YES;
				CLANG_WARN_DIRECT_OBJC_ISA_USAGE = YES_ERROR;
				CLANG_WARN_EMPTY_BODY = YES;
				CLANG_WARN_ENUM_CONVERSION = YES;
				CLANG_WARN_INT_CONVERSION = YES;
				CLANG_WARN_OBJC_ROOT_CLASS = YES_ERROR;
				CLANG_WARN_UNREACHABLE_CODE = YES;
				CLANG_WARN__DUPLICATE_METHOD_MATCH = YES;
				"CODE_SIGN_IDENTITY[sdk=iphoneos*]" = "iPhone Developer";
				COPY_PHASE_STRIP = NO;
				DEBUG_INFORMATION_FORMAT = "dwarf-with-dsym";
				ENABLE_NS_ASSERTIONS = NO;
				ENABLE_STRICT_OBJC_MSGSEND = YES;
				GCC_C_LANGUAGE_STANDARD = gnu99;
				GCC_NO_COMMON_BLOCKS = YES;
				GCC_WARN_64_TO_32_BIT_CONVERSION = YES;
				GCC_WARN_ABOUT_RETURN_TYPE = YES_ERROR;
				GCC_WARN_UNDECLARED_SELECTOR = YES;
				GCC_WARN_UNINITIALIZED_AUTOS = YES_AGGRESSIVE;
				GCC_WARN_UNUSED_FUNCTION = YES;
				GCC_WARN_UNUSED_VARIABLE = YES;
				IPHONEOS_DEPLOYMENT_TARGET = 9.2;
				MTL_ENABLE_DEBUG_INFO = NO;
				SDKROOT = iphoneos;
				TARGETED_DEVICE_FAMILY = "1,2";
				VALIDATE_PRODUCT = YES;
			};
			name = Release;
		};
		1873495B1D8C20780041B904 /* Debug */ = {
			isa = XCBuildConfiguration;
			buildSettings = {
				ASSETCATALOG_COMPILER_APPICON_NAME = AppIcon;
				INFOPLIST_FILE = ScrollViewWithButton/Info.plist;
				LD_RUNPATH_SEARCH_PATHS = "$(inherited) @executable_path/Frameworks";
				PRODUCT_BUNDLE_IDENTIFIER = yhb.ScrollViewWithButton;
				PRODUCT_NAME = "$(TARGET_NAME)";
			};
			name = Debug;
		};
		1873495C1D8C20780041B904 /* Release */ = {
			isa = XCBuildConfiguration;
			buildSettings = {
				ASSETCATALOG_COMPILER_APPICON_NAME = AppIcon;
				INFOPLIST_FILE = ScrollViewWithButton/Info.plist;
				LD_RUNPATH_SEARCH_PATHS = "$(inherited) @executable_path/Frameworks";
				PRODUCT_BUNDLE_IDENTIFIER = yhb.ScrollViewWithButton;
				PRODUCT_NAME = "$(TARGET_NAME)";
			};
			name = Release;
		};
/* End XCBuildConfiguration section */

/* Begin XCConfigurationList section */
		1873493E1D8C20780041B904 /* Build configuration list for PBXProject "ScrollViewWithButton" */ = {
			isa = XCConfigurationList;
			buildConfigurations = (
				187349581D8C20780041B904 /* Debug */,
				187349591D8C20780041B904 /* Release */,
			);
			defaultConfigurationIsVisible = 0;
			defaultConfigurationName = Release;
		};
		1873495A1D8C20780041B904 /* Build configuration list for PBXNativeTarget "ScrollViewWithButton" */ = {
			isa = XCConfigurationList;
			buildConfigurations = (
				1873495B1D8C20780041B904 /* Debug */,
				1873495C1D8C20780041B904 /* Release */,
			);
			defaultConfigurationIsVisible = 0;
			defaultConfigurationName = Release;
		};
/* End XCConfigurationList section */
	};
	rootObject = 1873493B1D8C20780041B904 /* Project object */;
}
